
Microsoft Visual Studio Solution File, Format Version 12.00
# Visual Studio Version 16
VisualStudioVersion = 16.0.31129.286
MinimumVisualStudioVersion = 10.0.40219.1
Project("{FAE04EC0-301F-11D3-BF4B-00C04F79EFBC}") = "DimensionWarpSlime", "DimensionWarpSlime\DimensionWarpSlime.csproj", "{FFFE4B34-AD78-4D8E-B181-94E6030FFA06}"
EndProject
Global
	GlobalSection(SolutionConfigurationPlatforms) = preSolution
		Debug|Any CPU = Debug|Any CPU
		Release|Any CPU = Release|Any CPU
	EndGlobalSection
	GlobalSection(ProjectConfigurationPlatforms) = postSolution
		{FFFE4B34-AD78-4D8E-B181-94E6030FFA06}.Debug|Any CPU.ActiveCfg = Debug|Any CPU
		{FFFE4B34-AD78-4D8E-B181-94E6030FFA06}.Debug|Any CPU.Build.0 = Debug|Any CPU
		{FFFE4B34-AD78-4D8E-B181-94E6030FFA06}.Release|Any CPU.ActiveCfg = Release|Any CPU
		{FFFE4B34-AD78-4D8E-B181-94E6030FFA06}.Release|Any CPU.Build.0 = Release|Any CPU
	EndGlobalSection
	GlobalSection(SolutionProperties) = preSolution
		HideSolutionNode = FALSE
	EndGlobalSection
	GlobalSection(ExtensibilityGlobals) = postSolution
		SolutionGuid = {8894F868-A649-46B8-B3B5-6A13053AC019}
	EndGlobalSection
EndGlobal
